
Microsoft Visual Studio Solution File, Format Version 12.00
# Visual Studio Version 16
VisualStudioVersion = 16.0.29709.97
MinimumVisualStudioVersion = 10.0.40219.1
Project("{FAE04EC0-301F-11D3-BF4B-00C04F79EFBC}") = "FreakyFashionTerminal", "FreakyFashionTerminal.csproj", "{83545043-5DEE-4B39-9D13-B167C79F7D8B}"
EndProject
Global
	GlobalSection(SolutionConfigurationPlatforms) = preSolution
		Debug|Any CPU = Debug|Any CPU
		Release|Any CPU = Release|Any CPU
	EndGlobalSection
	GlobalSection(ProjectConfigurationPlatforms) = postSolution
		{83545043-5DEE-4B39-9D13-B167C79F7D8B}.Debug|Any CPU.ActiveCfg = Debug|Any CPU
		{83545043-5DEE-4B39-9D13-B167C79F7D8B}.Debug|Any CPU.Build.0 = Debug|Any CPU
		{83545043-5DEE-4B39-9D13-B167C79F7D8B}.Release|Any CPU.ActiveCfg = Release|Any CPU
		{83545043-5DEE-4B39-9D13-B167C79F7D8B}.Release|Any CPU.Build.0 = Release|Any CPU
	EndGlobalSection
	GlobalSection(SolutionProperties) = preSolution
		HideSolutionNode = FALSE
	EndGlobalSection
	GlobalSection(ExtensibilityGlobals) = postSolution
		SolutionGuid = {501ED678-2D20-40F9-A3C4-E9F7E0BE942E}
	EndGlobalSection
EndGlobal
